
Microsoft Visual Studio Solution File, Format Version 12.00
# Visual Studio 2013
VisualStudioVersion = 12.0.30501.0
MinimumVisualStudioVersion = 10.0.40219.1
Project("{FAE04EC0-301F-11D3-BF4B-00C04F79EFBC}") = "SchoolMVC", "SchoolMVC\SchoolMVC.csproj", "{F92FC25F-58B4-4971-A039-B9C112F90B3C}"
EndProject
Project("{FAE04EC0-301F-11D3-BF4B-00C04F79EFBC}") = "BussinessObject", "BussinessObject\BussinessObject.csproj", "{DA74A3E5-FBBE-41FE-B7C2-0520B13D10DA}"
EndProject
Global
	GlobalSection(SolutionConfigurationPlatforms) = preSolution
		Debug|Any CPU = Debug|Any CPU
		Release|Any CPU = Release|Any CPU
	EndGlobalSection
	GlobalSection(ProjectConfigurationPlatforms) = postSolution
		{F92FC25F-58B4-4971-A039-B9C112F90B3C}.Debug|Any CPU.ActiveCfg = Debug|Any CPU
		{F92FC25F-58B4-4971-A039-B9C112F90B3C}.Debug|Any CPU.Build.0 = Debug|Any CPU
		{F92FC25F-58B4-4971-A039-B9C112F90B3C}.Release|Any CPU.ActiveCfg = Release|Any CPU
		{F92FC25F-58B4-4971-A039-B9C112F90B3C}.Release|Any CPU.Build.0 = Release|Any CPU
		{DA74A3E5-FBBE-41FE-B7C2-0520B13D10DA}.Debug|Any CPU.ActiveCfg = Debug|Any CPU
		{DA74A3E5-FBBE-41FE-B7C2-0520B13D10DA}.Debug|Any CPU.Build.0 = Debug|Any CPU
		{DA74A3E5-FBBE-41FE-B7C2-0520B13D10DA}.Release|Any CPU.ActiveCfg = Release|Any CPU
		{DA74A3E5-FBBE-41FE-B7C2-0520B13D10DA}.Release|Any CPU.Build.0 = Release|Any CPU
	EndGlobalSection
	GlobalSection(SolutionProperties) = preSolution
		HideSolutionNode = FALSE
	EndGlobalSection
EndGlobal
